# THIS IS AN AUTOGENERATED FILE. DO NOT EDIT THIS FILE DIRECTLY.
# yarn lockfile v1


"@types/node@*":
  version "8.0.33"
  resolved "https://registry.yarnpkg.com/@types/node/-/node-8.0.33.tgz#1126e94374014e54478092830704f6ea89df04cd"

"@types/source-map@*":
  version "0.5.1"
  resolved "https://registry.yarnpkg.com/@types/source-map/-/source-map-0.5.1.tgz#7e74db5d06ab373a712356eebfaea2fad0ea2367"

"@types/tapable@*":
  version "0.2.4"
  resolved "https://registry.yarnpkg.com/@types/tapable/-/tapable-0.2.4.tgz#8181a228da46185439300e600c5ae3b3b3982585"

"@types/uglify-js@*":
  version "2.6.29"
  resolved "https://registry.yarnpkg.com/@types/uglify-js/-/uglify-js-2.6.29.tgz#521347f69e20201d218f5991ae66e10878afcf1a"
  dependencies:
    "@types/source-map" "*"

"@types/webpack@^3.0.13":
  version "3.0.13"
  resolved "https://registry.yarnpkg.com/@types/webpack/-/webpack-3.0.13.tgz#5a49ae51e784e73bc46830a6a20656e85b8af0e6"
  dependencies:
    "@types/node" "*"
    "@types/tapable" "*"
    "@types/uglify-js" "*"

typescript@^2.5.3:
  version "2.5.3"
  resolved "https://registry.yarnpkg.com/typescript/-/typescript-2.5.3.tgz#df3dcdc38f3beb800d4bc322646b04a3f6ca7f0d"
